// !$*UTF8*$!
{
	archiveVersion = 1;
	classes = {
	};
	objectVersion = 46;
	objects = {

/* Begin PBXBuildFile section */
		D42B21931DF69A810059EA3D /* AppDelegate.swift in Sources */ = {isa = PBXBuildFile; fileRef = D42B21921DF69A810059EA3D /* AppDelegate.swift */; };
		D42B21951DF69A810059EA3D /* ViewController.swift in Sources */ = {isa = PBXBuildFile; fileRef = D42B21941DF69A810059EA3D /* ViewController.swift */; };
		D42B21981DF69A820059EA3D /* Main.storyboard in Resources */ = {isa = PBXBuildFile; fileRef = D42B21961DF69A820059EA3D /* Main.storyboard */; };
		D42B219A1DF69A820059EA3D /* Assets.xcassets in Resources */ = {isa = PBXBuildFile; fileRef = D42B21991DF69A820059EA3D /* Assets.xcassets */; };
		D42B219D1DF69A820059EA3D /* LaunchScreen.storyboard in Resources */ = {isa = PBXBuildFile; fileRef = D42B219B1DF69A820059EA3D /* LaunchScreen.storyboard */; };
		D42B21A51DF69AAB0059EA3D /* LGJWaveView.swift in Sources */ = {isa = PBXBuildFile; fileRef = D42B21A41DF69AAB0059EA3D /* LGJWaveView.swift */; };
/* End PBXBuildFile section */

/* Begin PBXFileReference section */
		D42B218F1DF69A810059EA3D /* WaveViewDemo.app */ = {isa = PBXFileReference; explicitFileType = wrapper.application; includeInIndex = 0; path = WaveViewDemo.app; sourceTree = BUILT_PRODUCTS_DIR; };
		D42B21921DF69A810059EA3D /* AppDelegate.swift */ = {isa = PBXFileReference; lastKnownFileType = sourcecode.swift; path = AppDelegate.swift; sourceTree = "<group>"; };
		D42B21941DF69A810059EA3D /* ViewController.swift */ = {isa = PBXFileReference; lastKnownFileType = sourcecode.swift; path = ViewController.swift; sourceTree = "<group>"; };
		D42B21971DF69A820059EA3D /* Base */ = {isa = PBXFileReference; lastKnownFileType = file.storyboard; name = Base; path = Base.lproj/Main.storyboard; sourceTree = "<group>"; };
		D42B21991DF69A820059EA3D /* Assets.xcassets */ = {isa = PBXFileReference; lastKnownFileType = folder.assetcatalog; path = Assets.xcassets; sourceTree = "<group>"; };
		D42B219C1DF69A820059EA3D /* Base */ = {isa = PBXFileReference; lastKnownFileType = file.storyboard; name = Base; path = Base.lproj/LaunchScreen.storyboard; sourceTree = "<group>"; };
		D42B219E1DF69A820059EA3D /* Info.plist */ = {isa = PBXFileReference; lastKnownFileType = text.plist.xml; path = Info.plist; sourceTree = "<group>"; };
		D42B21A41DF69AAB0059EA3D /* LGJWaveView.swift */ = {isa = PBXFileReference; fileEncoding = 4; lastKnownFileType = sourcecode.swift; path = LGJWaveView.swift; sourceTree = "<group>"; };
/* End PBXFileReference section */

/* Begin PBXFrameworksBuildPhase section */
		D42B218C1DF69A810059EA3D /* Frameworks */ = {
			isa = PBXFrameworksBuildPhase;
			buildActionMask = 2147483647;
			files = (
			);
			runOnlyForDeploymentPostprocessing = 0;
		};
/* End PBXFrameworksBuildPhase section */

/* Begin PBXGroup section */
		D42B21861DF69A810059EA3D = {
			isa = PBXGroup;
			children = (
				D42B21911DF69A810059EA3D /* WaveViewDemo */,
				D42B21901DF69A810059EA3D /* Products */,
			);
			sourceTree = "<group>";
		};
		D42B21901DF69A810059EA3D /* Products */ = {
			isa = PBXGroup;
			children = (
				D42B218F1DF69A810059EA3D /* WaveViewDemo.app */,
			);
			name = Products;
			sourceTree = "<group>";
		};
		D42B21911DF69A810059EA3D /* WaveViewDemo */ = {
			isa = PBXGroup;
			children = (
				D42B21921DF69A810059EA3D /* AppDelegate.swift */,
				D42B21941DF69A810059EA3D /* ViewController.swift */,
				D42B21A41DF69AAB0059EA3D /* LGJWaveView.swift */,
				D42B21961DF69A820059EA3D /* Main.storyboard */,
				D42B21991DF69A820059EA3D /* Assets.xcassets */,
				D42B219B1DF69A820059EA3D /* LaunchScreen.storyboard */,
				D42B219E1DF69A820059EA3D /* Info.plist */,
			);
			path = WaveViewDemo;
			sourceTree = "<group>";
		};
/* End PBXGroup section */

/* Begin PBXNativeTarget section */
		D42B218E1DF69A810059EA3D /* WaveViewDemo */ = {
			isa = PBXNativeTarget;
			buildConfigurationList = D42B21A11DF69A820059EA3D /* Build configuration list for PBXNativeTarget "WaveViewDemo" */;
			buildPhases = (
				D42B218B1DF69A810059EA3D /* Sources */,
				D42B218C1DF69A810059EA3D /* Frameworks */,
				D42B218D1DF69A810059EA3D /* Resources */,
			);
			buildRules = (
			);
			dependencies = (
			);
			name = WaveViewDemo;
			productName = WaveViewDemo;
			productReference = D42B218F1DF69A810059EA3D /* WaveViewDemo.app */;
			productType = "com.apple.product-type.application";
		};
/* End PBXNativeTarget section */

/* Begin PBXProject section */
		D42B21871DF69A810059EA3D /* Project object */ = {
			isa = PBXProject;
			attributes = {
				LastSwiftUpdateCheck = 0800;
				LastUpgradeCheck = 0800;
				ORGANIZATIONNAME = "海涛旅游";
				TargetAttributes = {
					D42B218E1DF69A810059EA3D = {
						CreatedOnToolsVersion = 8.0;
						DevelopmentTeam = D93B77WBRC;
						ProvisioningStyle = Automatic;
					};
				};
			};
			buildConfigurationList = D42B218A1DF69A810059EA3D /* Build configuration list for PBXProject "WaveViewDemo" */;
			compatibilityVersion = "Xcode 3.2";
			developmentRegion = English;
			hasScannedForEncodings = 0;
			knownRegions = (
				en,
				Base,
			);
			mainGroup = D42B21861DF69A810059EA3D;
			productRefGroup = D42B21901DF69A810059EA3D /* Products */;
			projectDirPath = "";
			projectRoot = "";
			targets = (
				D42B218E1DF69A810059EA3D /* WaveViewDemo */,
			);
		};
/* End PBXProject section */

/* Begin PBXResourcesBuildPhase section */
		D42B218D1DF69A810059EA3D /* Resources */ = {
			isa = PBXResourcesBuildPhase;
			buildActionMask = 2147483647;
			files = (
				D42B219D1DF69A820059EA3D /* LaunchScreen.storyboard in Resources */,
				D42B219A1DF69A820059EA3D /* Assets.xcassets in Resources */,
				D42B21981DF69A820059EA3D /* Main.storyboard in Resources */,
			);
			runOnlyForDeploymentPostprocessing = 0;
		};
/* End PBXResourcesBuildPhase section */

/* Begin PBXSourcesBuildPhase section */
		D42B218B1DF69A810059EA3D /* Sources */ = {
			isa = PBXSourcesBuildPhase;
			buildActionMask = 2147483647;
			files = (
				D42B21951DF69A810059EA3D /* ViewController.swift in Sources */,
				D42B21931DF69A810059EA3D /* AppDelegate.swift in Sources */,
				D42B21A51DF69AAB0059EA3D /* LGJWaveView.swift in Sources */,
			);
			runOnlyForDeploymentPostprocessing = 0;
		};
/* End PBXSourcesBuildPhase section */

/* Begin PBXVariantGroup section */
		D42B21961DF69A820059EA3D /* Main.storyboard */ = {
			isa = PBXVariantGroup;
			children = (
				D42B21971DF69A820059EA3D /* Base */,
			);
			name = Main.storyboard;
			sourceTree = "<group>";
		};
		D42B219B1DF69A820059EA3D /* LaunchScreen.storyboard */ = {
			isa = PBXVariantGroup;
			children = (
				D42B219C1DF69A820059EA3D /* Base */,
			);
			name = LaunchScreen.storyboard;
			sourceTree = "<group>";
		};
/* End PBXVariantGroup section */

/* Begin XCBuildConfiguration section */
		D42B219F1DF69A820059EA3D /* Debug */ = {
			isa = XCBuildConfiguration;
			buildSettings = {
				ALWAYS_SEARCH_USER_PATHS = NO;
				CLANG_ANALYZER_NONNULL = YES;
				CLANG_CXX_LANGUAGE_STANDARD = "gnu++0x";
				CLANG_CXX_LIBRARY = "libc++";
				CLANG_ENABLE_MODULES = YES;
				CLANG_ENABLE_OBJC_ARC = YES;
				CLANG_WARN_BOOL_CONVERSION = YES;
				CLANG_WARN_CONSTANT_CONVERSION = YES;
				CLANG_WARN_DIRECT_OBJC_ISA_USAGE = YES_ERROR;
				CLANG_WARN_DOCUMENTATION_COMMENTS = YES;
				CLANG_WARN_EMPTY_BODY = YES;
				CLANG_WARN_ENUM_CONVERSION = YES;
				CLANG_WARN_INFINITE_RECURSION = YES;
				CLANG_WARN_INT_CONVERSION = YES;
				CLANG_WARN_OBJC_ROOT_CLASS = YES_ERROR;
				CLANG_WARN_SUSPICIOUS_MOVES = YES;
				CLANG_WARN_UNREACHABLE_CODE = YES;
				CLANG_WARN__DUPLICATE_METHOD_MATCH = YES;
				"CODE_SIGN_IDENTITY[sdk=iphoneos*]" = "iPhone Developer";
				COPY_PHASE_STRIP = NO;
				DEBUG_INFORMATION_FORMAT = dwarf;
				ENABLE_STRICT_OBJC_MSGSEND = YES;
				ENABLE_TESTABILITY = YES;
				GCC_C_LANGUAGE_STANDARD = gnu99;
				GCC_DYNAMIC_NO_PIC = NO;
				GCC_NO_COMMON_BLOCKS = YES;
				GCC_OPTIMIZATION_LEVEL = 0;
				GCC_PREPROCESSOR_DEFINITIONS = (
					"DEBUG=1",
					"$(inherited)",
				);
				GCC_WARN_64_TO_32_BIT_CONVERSION = YES;
				GCC_WARN_ABOUT_RETURN_TYPE = YES_ERROR;
				GCC_WARN_UNDECLARED_SELECTOR = YES;
				GCC_WARN_UNINITIALIZED_AUTOS = YES_AGGRESSIVE;
				GCC_WARN_UNUSED_FUNCTION = YES;
				GCC_WARN_UNUSED_VARIABLE = YES;
				IPHONEOS_DEPLOYMENT_TARGET = 10.0;
				MTL_ENABLE_DEBUG_INFO = YES;
				ONLY_ACTIVE_ARCH = YES;
				SDKROOT = iphoneos;
				SWIFT_ACTIVE_COMPILATION_CONDITIONS = DEBUG;
				SWIFT_OPTIMIZATION_LEVEL = "-Onone";
			};
			name = Debug;
		};
		D42B21A01DF69A820059EA3D /* Release */ = {
			isa = XCBuildConfiguration;
			buildSettings = {
				ALWAYS_SEARCH_USER_PATHS = NO;
				CLANG_ANALYZER_NONNULL = YES;
				CLANG_CXX_LANGUAGE_STANDARD = "gnu++0x";
				CLANG_CXX_LIBRARY = "libc++";
				CLANG_ENABLE_MODULES = YES;
				CLANG_ENABLE_OBJC_ARC = YES;
				CLANG_WARN_BOOL_CONVERSION = YES;
				CLANG_WARN_CONSTANT_CONVERSION = YES;
				CLANG_WARN_DIRECT_OBJC_ISA_USAGE = YES_ERROR;
				CLANG_WARN_DOCUMENTATION_COMMENTS = YES;
				CLANG_WARN_EMPTY_BODY = YES;
				CLANG_WARN_ENUM_CONVERSION = YES;
				CLANG_WARN_INFINITE_RECURSION = YES;
				CLANG_WARN_INT_CONVERSION = YES;
				CLANG_WARN_OBJC_ROOT_CLASS = YES_ERROR;
				CLANG_WARN_SUSPICIOUS_MOVES = YES;
				CLANG_WARN_UNREACHABLE_CODE = YES;
				CLANG_WARN__DUPLICATE_METHOD_MATCH = YES;
				"CODE_SIGN_IDENTITY[sdk=iphoneos*]" = "iPhone Developer";
				COPY_PHASE_STRIP = NO;
				DEBUG_INFORMATION_FORMAT = "dwarf-with-dsym";
				ENABLE_NS_ASSERTIONS = NO;
				ENABLE_STRICT_OBJC_MSGSEND = YES;
				GCC_C_LANGUAGE_STANDARD = gnu99;
				GCC_NO_COMMON_BLOCKS = YES;
				GCC_WARN_64_TO_32_BIT_CONVERSION = YES;
				GCC_WARN_ABOUT_RETURN_TYPE = YES_ERROR;
				GCC_WARN_UNDECLARED_SELECTOR = YES;
				GCC_WARN_UNINITIALIZED_AUTOS = YES_AGGRESSIVE;
				GCC_WARN_UNUSED_FUNCTION = YES;
				GCC_WARN_UNUSED_VARIABLE = YES;
				IPHONEOS_DEPLOYMENT_TARGET = 10.0;
				MTL_ENABLE_DEBUG_INFO = NO;
				SDKROOT = iphoneos;
				SWIFT_OPTIMIZATION_LEVEL = "-Owholemodule";
				VALIDATE_PRODUCT = YES;
			};
			name = Release;
		};
		D42B21A21DF69A820059EA3D /* Debug */ = {
			isa = XCBuildConfiguration;
			buildSettings = {
				ASSETCATALOG_COMPILER_APPICON_NAME = AppIcon;
				DEVELOPMENT_TEAM = D93B77WBRC;
				INFOPLIST_FILE = WaveViewDemo/Info.plist;
				LD_RUNPATH_SEARCH_PATHS = "$(inherited) @executable_path/Frameworks";
				PRODUCT_BUNDLE_IDENTIFIER = com.haitao.WaveViewDemo;
				PRODUCT_NAME = "$(TARGET_NAME)";
				SWIFT_VERSION = 3.0;
			};
			name = Debug;
		};
		D42B21A31DF69A820059EA3D /* Release */ = {
			isa = XCBuildConfiguration;
			buildSettings = {
				ASSETCATALOG_COMPILER_APPICON_NAME = AppIcon;
				DEVELOPMENT_TEAM = D93B77WBRC;
				INFOPLIST_FILE = WaveViewDemo/Info.plist;
				LD_RUNPATH_SEARCH_PATHS = "$(inherited) @executable_path/Frameworks";
				PRODUCT_BUNDLE_IDENTIFIER = com.haitao.WaveViewDemo;
				PRODUCT_NAME = "$(TARGET_NAME)";
				SWIFT_VERSION = 3.0;
			};
			name = Release;
		};
/* End XCBuildConfiguration section */

/* Begin XCConfigurationList section */
		D42B218A1DF69A810059EA3D /* Build configuration list for PBXProject "WaveViewDemo" */ = {
			isa = XCConfigurationList;
			buildConfigurations = (
				D42B219F1DF69A820059EA3D /* Debug */,
				D42B21A01DF69A820059EA3D /* Release */,
			);
			defaultConfigurationIsVisible = 0;
			defaultConfigurationName = Release;
		};
		D42B21A11DF69A820059EA3D /* Build configuration list for PBXNativeTarget "WaveViewDemo" */ = {
			isa = XCConfigurationList;
			buildConfigurations = (
				D42B21A21DF69A820059EA3D /* Debug */,
				D42B21A31DF69A820059EA3D /* Release */,
			);
			defaultConfigurationIsVisible = 0;
		};
/* End XCConfigurationList section */
	};
	rootObject = D42B21871DF69A810059EA3D /* Project object */;
}
